// !$*UTF8*$!
{
	archiveVersion = 1;
	classes = {
	};
	objectVersion = 48;
	objects = {

/* Begin PBXBuildFile section */
		213BA7B51F9F891F005E2ABC /* AppDelegate.swift in Sources */ = {isa = PBXBuildFile; fileRef = 213BA7B41F9F891F005E2ABC /* AppDelegate.swift */; };
		213BA7BA1F9F891F005E2ABC /* Main.storyboard in Resources */ = {isa = PBXBuildFile; fileRef = 213BA7B81F9F891F005E2ABC /* Main.storyboard */; };
		213BA7BD1F9F891F005E2ABC /* PHSClubsApp.xcdatamodeld in Sources */ = {isa = PBXBuildFile; fileRef = 213BA7BB1F9F891F005E2ABC /* PHSClubsApp.xcdatamodeld */; };
		213BA7BF1F9F891F005E2ABC /* Assets.xcassets in Resources */ = {isa = PBXBuildFile; fileRef = 213BA7BE1F9F891F005E2ABC /* Assets.xcassets */; };
		213BA7C21F9F891F005E2ABC /* LaunchScreen.storyboard in Resources */ = {isa = PBXBuildFile; fileRef = 213BA7C01F9F891F005E2ABC /* LaunchScreen.storyboard */; };
		213BA7CD1F9F891F005E2ABC /* PHSClubsAppTests.swift in Sources */ = {isa = PBXBuildFile; fileRef = 213BA7CC1F9F891F005E2ABC /* PHSClubsAppTests.swift */; };
		213BA7D81F9F891F005E2ABC /* PHSClubsAppUITests.swift in Sources */ = {isa = PBXBuildFile; fileRef = 213BA7D71F9F891F005E2ABC /* PHSClubsAppUITests.swift */; };
		21D8472D1FA76F100097E3E9 /* TableViewController.swift in Sources */ = {isa = PBXBuildFile; fileRef = 21D8472C1FA76F100097E3E9 /* TableViewController.swift */; };
/* End PBXBuildFile section */

/* Begin PBXContainerItemProxy section */
		213BA7C91F9F891F005E2ABC /* PBXContainerItemProxy */ = {
			isa = PBXContainerItemProxy;
			containerPortal = 213BA7A91F9F891F005E2ABC /* Project object */;
			proxyType = 1;
			remoteGlobalIDString = 213BA7B01F9F891F005E2ABC;
			remoteInfo = PHSClubsApp;
		};
		213BA7D41F9F891F005E2ABC /* PBXContainerItemProxy */ = {
			isa = PBXContainerItemProxy;
			containerPortal = 213BA7A91F9F891F005E2ABC /* Project object */;
			proxyType = 1;
			remoteGlobalIDString = 213BA7B01F9F891F005E2ABC;
			remoteInfo = PHSClubsApp;
		};
/* End PBXContainerItemProxy section */

/* Begin PBXFileReference section */
		213BA7B11F9F891F005E2ABC /* PHSClubsApp.app */ = {isa = PBXFileReference; explicitFileType = wrapper.application; includeInIndex = 0; path = PHSClubsApp.app; sourceTree = BUILT_PRODUCTS_DIR; };
		213BA7B41F9F891F005E2ABC /* AppDelegate.swift */ = {isa = PBXFileReference; lastKnownFileType = sourcecode.swift; path = AppDelegate.swift; sourceTree = "<group>"; };
		213BA7B91F9F891F005E2ABC /* Base */ = {isa = PBXFileReference; lastKnownFileType = file.storyboard; name = Base; path = Base.lproj/Main.storyboard; sourceTree = "<group>"; };
		213BA7BC1F9F891F005E2ABC /* PHSClubsApp.xcdatamodel */ = {isa = PBXFileReference; lastKnownFileType = wrapper.xcdatamodel; path = PHSClubsApp.xcdatamodel; sourceTree = "<group>"; };
		213BA7BE1F9F891F005E2ABC /* Assets.xcassets */ = {isa = PBXFileReference; lastKnownFileType = folder.assetcatalog; path = Assets.xcassets; sourceTree = "<group>"; };
		213BA7C11F9F891F005E2ABC /* Base */ = {isa = PBXFileReference; lastKnownFileType = file.storyboard; name = Base; path = Base.lproj/LaunchScreen.storyboard; sourceTree = "<group>"; };
		213BA7C31F9F891F005E2ABC /* Info.plist */ = {isa = PBXFileReference; lastKnownFileType = text.plist.xml; path = Info.plist; sourceTree = "<group>"; };
		213BA7C81F9F891F005E2ABC /* PHSClubsAppTests.xctest */ = {isa = PBXFileReference; explicitFileType = wrapper.cfbundle; includeInIndex = 0; path = PHSClubsAppTests.xctest; sourceTree = BUILT_PRODUCTS_DIR; };
		213BA7CC1F9F891F005E2ABC /* PHSClubsAppTests.swift */ = {isa = PBXFileReference; lastKnownFileType = sourcecode.swift; path = PHSClubsAppTests.swift; sourceTree = "<group>"; };
		213BA7CE1F9F891F005E2ABC /* Info.plist */ = {isa = PBXFileReference; lastKnownFileType = text.plist.xml; path = Info.plist; sourceTree = "<group>"; };
		213BA7D31F9F891F005E2ABC /* PHSClubsAppUITests.xctest */ = {isa = PBXFileReference; explicitFileType = wrapper.cfbundle; includeInIndex = 0; path = PHSClubsAppUITests.xctest; sourceTree = BUILT_PRODUCTS_DIR; };
		213BA7D71F9F891F005E2ABC /* PHSClubsAppUITests.swift */ = {isa = PBXFileReference; lastKnownFileType = sourcecode.swift; path = PHSClubsAppUITests.swift; sourceTree = "<group>"; };
		213BA7D91F9F891F005E2ABC /* Info.plist */ = {isa = PBXFileReference; lastKnownFileType = text.plist.xml; path = Info.plist; sourceTree = "<group>"; };
		21D8472C1FA76F100097E3E9 /* TableViewController.swift */ = {isa = PBXFileReference; lastKnownFileType = sourcecode.swift; path = TableViewController.swift; sourceTree = "<group>"; };
/* End PBXFileReference section */

/* Begin PBXFrameworksBuildPhase section */
		213BA7AE1F9F891F005E2ABC /* Frameworks */ = {
			isa = PBXFrameworksBuildPhase;
			buildActionMask = 2147483647;
			files = (
			);
			runOnlyForDeploymentPostprocessing = 0;
		};
		213BA7C51F9F891F005E2ABC /* Frameworks */ = {
			isa = PBXFrameworksBuildPhase;
			buildActionMask = 2147483647;
			files = (
			);
			runOnlyForDeploymentPostprocessing = 0;
		};
		213BA7D01F9F891F005E2ABC /* Frameworks */ = {
			isa = PBXFrameworksBuildPhase;
			buildActionMask = 2147483647;
			files = (
			);
			runOnlyForDeploymentPostprocessing = 0;
		};
/* End PBXFrameworksBuildPhase section */

/* Begin PBXGroup section */
		213BA7A81F9F891F005E2ABC = {
			isa = PBXGroup;
			children = (
				213BA7B31F9F891F005E2ABC /* PHSClubsApp */,
				213BA7CB1F9F891F005E2ABC /* PHSClubsAppTests */,
				213BA7D61F9F891F005E2ABC /* PHSClubsAppUITests */,
				213BA7B21F9F891F005E2ABC /* Products */,
			);
			sourceTree = "<group>";
		};
		213BA7B21F9F891F005E2ABC /* Products */ = {
			isa = PBXGroup;
			children = (
				213BA7B11F9F891F005E2ABC /* PHSClubsApp.app */,
				213BA7C81F9F891F005E2ABC /* PHSClubsAppTests.xctest */,
				213BA7D31F9F891F005E2ABC /* PHSClubsAppUITests.xctest */,
			);
			name = Products;
			sourceTree = "<group>";
		};
		213BA7B31F9F891F005E2ABC /* PHSClubsApp */ = {
			isa = PBXGroup;
			children = (
				213BA7B41F9F891F005E2ABC /* AppDelegate.swift */,
				21D8472C1FA76F100097E3E9 /* TableViewController.swift */,
				213BA7B81F9F891F005E2ABC /* Main.storyboard */,
				213BA7BE1F9F891F005E2ABC /* Assets.xcassets */,
				213BA7C01F9F891F005E2ABC /* LaunchScreen.storyboard */,
				213BA7C31F9F891F005E2ABC /* Info.plist */,
				213BA7BB1F9F891F005E2ABC /* PHSClubsApp.xcdatamodeld */,
			);
			path = PHSClubsApp;
			sourceTree = "<group>";
		};
		213BA7CB1F9F891F005E2ABC /* PHSClubsAppTests */ = {
			isa = PBXGroup;
			children = (
				213BA7CC1F9F891F005E2ABC /* PHSClubsAppTests.swift */,
				213BA7CE1F9F891F005E2ABC /* Info.plist */,
			);
			path = PHSClubsAppTests;
			sourceTree = "<group>";
		};
		213BA7D61F9F891F005E2ABC /* PHSClubsAppUITests */ = {
			isa = PBXGroup;
			children = (
				213BA7D71F9F891F005E2ABC /* PHSClubsAppUITests.swift */,
				213BA7D91F9F891F005E2ABC /* Info.plist */,
			);
			path = PHSClubsAppUITests;
			sourceTree = "<group>";
		};
/* End PBXGroup section */

/* Begin PBXNativeTarget section */
		213BA7B01F9F891F005E2ABC /* PHSClubsApp */ = {
			isa = PBXNativeTarget;
			buildConfigurationList = 213BA7DC1F9F891F005E2ABC /* Build configuration list for PBXNativeTarget "PHSClubsApp" */;
			buildPhases = (
				213BA7AD1F9F891F005E2ABC /* Sources */,
				213BA7AE1F9F891F005E2ABC /* Frameworks */,
				213BA7AF1F9F891F005E2ABC /* Resources */,
			);
			buildRules = (
			);
			dependencies = (
			);
			name = PHSClubsApp;
			productName = PHSClubsApp;
			productReference = 213BA7B11F9F891F005E2ABC /* PHSClubsApp.app */;
			productType = "com.apple.product-type.application";
		};
		213BA7C71F9F891F005E2ABC /* PHSClubsAppTests */ = {
			isa = PBXNativeTarget;
			buildConfigurationList = 213BA7DF1F9F891F005E2ABC /* Build configuration list for PBXNativeTarget "PHSClubsAppTests" */;
			buildPhases = (
				213BA7C41F9F891F005E2ABC /* Sources */,
				213BA7C51F9F891F005E2ABC /* Frameworks */,
				213BA7C61F9F891F005E2ABC /* Resources */,
			);
			buildRules = (
			);
			dependencies = (
				213BA7CA1F9F891F005E2ABC /* PBXTargetDependency */,
			);
			name = PHSClubsAppTests;
			productName = PHSClubsAppTests;
			productReference = 213BA7C81F9F891F005E2ABC /* PHSClubsAppTests.xctest */;
			productType = "com.apple.product-type.bundle.unit-test";
		};
		213BA7D21F9F891F005E2ABC /* PHSClubsAppUITests */ = {
			isa = PBXNativeTarget;
			buildConfigurationList = 213BA7E21F9F891F005E2ABC /* Build configuration list for PBXNativeTarget "PHSClubsAppUITests" */;
			buildPhases = (
				213BA7CF1F9F891F005E2ABC /* Sources */,
				213BA7D01F9F891F005E2ABC /* Frameworks */,
				213BA7D11F9F891F005E2ABC /* Resources */,
			);
			buildRules = (
			);
			dependencies = (
				213BA7D51F9F891F005E2ABC /* PBXTargetDependency */,
			);
			name = PHSClubsAppUITests;
			productName = PHSClubsAppUITests;
			productReference = 213BA7D31F9F891F005E2ABC /* PHSClubsAppUITests.xctest */;
			productType = "com.apple.product-type.bundle.ui-testing";
		};
/* End PBXNativeTarget section */

/* Begin PBXProject section */
		213BA7A91F9F891F005E2ABC /* Project object */ = {
			isa = PBXProject;
			attributes = {
				LastSwiftUpdateCheck = 0900;
				LastUpgradeCheck = 0900;
				ORGANIZATIONNAME = apcs2;
				TargetAttributes = {
					213BA7B01F9F891F005E2ABC = {
						CreatedOnToolsVersion = 9.0;
						ProvisioningStyle = Automatic;
					};
					213BA7C71F9F891F005E2ABC = {
						CreatedOnToolsVersion = 9.0;
						ProvisioningStyle = Automatic;
						TestTargetID = 213BA7B01F9F891F005E2ABC;
					};
					213BA7D21F9F891F005E2ABC = {
						CreatedOnToolsVersion = 9.0;
						ProvisioningStyle = Automatic;
						TestTargetID = 213BA7B01F9F891F005E2ABC;
					};
				};
			};
			buildConfigurationList = 213BA7AC1F9F891F005E2ABC /* Build configuration list for PBXProject "PHSClubsApp" */;
			compatibilityVersion = "Xcode 8.0";
			developmentRegion = en;
			hasScannedForEncodings = 0;
			knownRegions = (
				en,
				Base,
			);
			mainGroup = 213BA7A81F9F891F005E2ABC;
			productRefGroup = 213BA7B21F9F891F005E2ABC /* Products */;
			projectDirPath = "";
			projectRoot = "";
			targets = (
				213BA7B01F9F891F005E2ABC /* PHSClubsApp */,
				213BA7C71F9F891F005E2ABC /* PHSClubsAppTests */,
				213BA7D21F9F891F005E2ABC /* PHSClubsAppUITests */,
			);
		};
/* End PBXProject section */

/* Begin PBXResourcesBuildPhase section */
		213BA7AF1F9F891F005E2ABC /* Resources */ = {
			isa = PBXResourcesBuildPhase;
			buildActionMask = 2147483647;
			files = (
				213BA7C21F9F891F005E2ABC /* LaunchScreen.storyboard in Resources */,
				213BA7BF1F9F891F005E2ABC /* Assets.xcassets in Resources */,
				213BA7BA1F9F891F005E2ABC /* Main.storyboard in Resources */,
			);
			runOnlyForDeploymentPostprocessing = 0;
		};
		213BA7C61F9F891F005E2ABC /* Resources */ = {
			isa = PBXResourcesBuildPhase;
			buildActionMask = 2147483647;
			files = (
			);
			runOnlyForDeploymentPostprocessing = 0;
		};
		213BA7D11F9F891F005E2ABC /* Resources */ = {
			isa = PBXResourcesBuildPhase;
			buildActionMask = 2147483647;
			files = (
			);
			runOnlyForDeploymentPostprocessing = 0;
		};
/* End PBXResourcesBuildPhase section */

/* Begin PBXSourcesBuildPhase section */
		213BA7AD1F9F891F005E2ABC /* Sources */ = {
			isa = PBXSourcesBuildPhase;
			buildActionMask = 2147483647;
			files = (
				213BA7BD1F9F891F005E2ABC /* PHSClubsApp.xcdatamodeld in Sources */,
				213BA7B51F9F891F005E2ABC /* AppDelegate.swift in Sources */,
				21D8472D1FA76F100097E3E9 /* TableViewController.swift in Sources */,
			);
			runOnlyForDeploymentPostprocessing = 0;
		};
		213BA7C41F9F891F005E2ABC /* Sources */ = {
			isa = PBXSourcesBuildPhase;
			buildActionMask = 2147483647;
			files = (
				213BA7CD1F9F891F005E2ABC /* PHSClubsAppTests.swift in Sources */,
			);
			runOnlyForDeploymentPostprocessing = 0;
		};
		213BA7CF1F9F891F005E2ABC /* Sources */ = {
			isa = PBXSourcesBuildPhase;
			buildActionMask = 2147483647;
			files = (
				213BA7D81F9F891F005E2ABC /* PHSClubsAppUITests.swift in Sources */,
			);
			runOnlyForDeploymentPostprocessing = 0;
		};
/* End PBXSourcesBuildPhase section */

/* Begin PBXTargetDependency section */
		213BA7CA1F9F891F005E2ABC /* PBXTargetDependency */ = {
			isa = PBXTargetDependency;
			target = 213BA7B01F9F891F005E2ABC /* PHSClubsApp */;
			targetProxy = 213BA7C91F9F891F005E2ABC /* PBXContainerItemProxy */;
		};
		213BA7D51F9F891F005E2ABC /* PBXTargetDependency */ = {
			isa = PBXTargetDependency;
			target = 213BA7B01F9F891F005E2ABC /* PHSClubsApp */;
			targetProxy = 213BA7D41F9F891F005E2ABC /* PBXContainerItemProxy */;
		};
/* End PBXTargetDependency section */

/* Begin PBXVariantGroup section */
		213BA7B81F9F891F005E2ABC /* Main.storyboard */ = {
			isa = PBXVariantGroup;
			children = (
				213BA7B91F9F891F005E2ABC /* Base */,
			);
			name = Main.storyboard;
			sourceTree = "<group>";
		};
		213BA7C01F9F891F005E2ABC /* LaunchScreen.storyboard */ = {
			isa = PBXVariantGroup;
			children = (
				213BA7C11F9F891F005E2ABC /* Base */,
			);
			name = LaunchScreen.storyboard;
			sourceTree = "<group>";
		};
/* End PBXVariantGroup section */

/* Begin XCBuildConfiguration section */
		213BA7DA1F9F891F005E2ABC /* Debug */ = {
			isa = XCBuildConfiguration;
			buildSettings = {
				ALWAYS_SEARCH_USER_PATHS = NO;
				CLANG_ANALYZER_NONNULL = YES;
				CLANG_ANALYZER_NUMBER_OBJECT_CONVERSION = YES_AGGRESSIVE;
				CLANG_CXX_LANGUAGE_STANDARD = "gnu++14";
				CLANG_CXX_LIBRARY = "libc++";
				CLANG_ENABLE_MODULES = YES;
				CLANG_ENABLE_OBJC_ARC = YES;
				CLANG_WARN_BLOCK_CAPTURE_AUTORELEASING = YES;
				CLANG_WARN_BOOL_CONVERSION = YES;
				CLANG_WARN_COMMA = YES;
				CLANG_WARN_CONSTANT_CONVERSION = YES;
				CLANG_WARN_DIRECT_OBJC_ISA_USAGE = YES_ERROR;
				CLANG_WARN_DOCUMENTATION_COMMENTS = YES;
				CLANG_WARN_EMPTY_BODY = YES;
				CLANG_WARN_ENUM_CONVERSION = YES;
				CLANG_WARN_INFINITE_RECURSION = YES;
				CLANG_WARN_INT_CONVERSION = YES;
				CLANG_WARN_NON_LITERAL_NULL_CONVERSION = YES;
				CLANG_WARN_OBJC_LITERAL_CONVERSION = YES;
				CLANG_WARN_OBJC_ROOT_CLASS = YES_ERROR;
				CLANG_WARN_RANGE_LOOP_ANALYSIS = YES;
				CLANG_WARN_STRICT_PROTOTYPES = YES;
				CLANG_WARN_SUSPICIOUS_MOVE = YES;
				CLANG_WARN_UNGUARDED_AVAILABILITY = YES_AGGRESSIVE;
				CLANG_WARN_UNREACHABLE_CODE = YES;
				CLANG_WARN__DUPLICATE_METHOD_MATCH = YES;
				CODE_SIGN_IDENTITY = "iPhone Developer";
				COPY_PHASE_STRIP = NO;
				DEBUG_INFORMATION_FORMAT = dwarf;
				ENABLE_STRICT_OBJC_MSGSEND = YES;
				ENABLE_TESTABILITY = YES;
				GCC_C_LANGUAGE_STANDARD = gnu11;
				GCC_DYNAMIC_NO_PIC = NO;
				GCC_NO_COMMON_BLOCKS = YES;
				GCC_OPTIMIZATION_LEVEL = 0;
				GCC_PREPROCESSOR_DEFINITIONS = (
					"DEBUG=1",
					"$(inherited)",
				);
				GCC_WARN_64_TO_32_BIT_CONVERSION = YES;
				GCC_WARN_ABOUT_RETURN_TYPE = YES_ERROR;
				GCC_WARN_UNDECLARED_SELECTOR = YES;
				GCC_WARN_UNINITIALIZED_AUTOS = YES_AGGRESSIVE;
				GCC_WARN_UNUSED_FUNCTION = YES;
				GCC_WARN_UNUSED_VARIABLE = YES;
				IPHONEOS_DEPLOYMENT_TARGET = 11.0;
				MTL_ENABLE_DEBUG_INFO = YES;
				ONLY_ACTIVE_ARCH = YES;
				SDKROOT = iphoneos;
				SWIFT_ACTIVE_COMPILATION_CONDITIONS = DEBUG;
				SWIFT_OPTIMIZATION_LEVEL = "-Onone";
			};
			name = Debug;
		};
		213BA7DB1F9F891F005E2ABC /* Release */ = {
			isa = XCBuildConfiguration;
			buildSettings = {
				ALWAYS_SEARCH_USER_PATHS = NO;
				CLANG_ANALYZER_NONNULL = YES;
				CLANG_ANALYZER_NUMBER_OBJECT_CONVERSION = YES_AGGRESSIVE;
				CLANG_CXX_LANGUAGE_STANDARD = "gnu++14";
				CLANG_CXX_LIBRARY = "libc++";
				CLANG_ENABLE_MODULES = YES;
				CLANG_ENABLE_OBJC_ARC = YES;
				CLANG_WARN_BLOCK_CAPTURE_AUTORELEASING = YES;
				CLANG_WARN_BOOL_CONVERSION = YES;
				CLANG_WARN_COMMA = YES;
				CLANG_WARN_CONSTANT_CONVERSION = YES;
				CLANG_WARN_DIRECT_OBJC_ISA_USAGE = YES_ERROR;
				CLANG_WARN_DOCUMENTATION_COMMENTS = YES;
				CLANG_WARN_EMPTY_BODY = YES;
				CLANG_WARN_ENUM_CONVERSION = YES;
				CLANG_WARN_INFINITE_RECURSION = YES;
				CLANG_WARN_INT_CONVERSION = YES;
				CLANG_WARN_NON_LITERAL_NULL_CONVERSION = YES;
				CLANG_WARN_OBJC_LITERAL_CONVERSION = YES;
				CLANG_WARN_OBJC_ROOT_CLASS = YES_ERROR;
				CLANG_WARN_RANGE_LOOP_ANALYSIS = YES;
				CLANG_WARN_STRICT_PROTOTYPES = YES;
				CLANG_WARN_SUSPICIOUS_MOVE = YES;
				CLANG_WARN_UNGUARDED_AVAILABILITY = YES_AGGRESSIVE;
				CLANG_WARN_UNREACHABLE_CODE = YES;
				CLANG_WARN__DUPLICATE_METHOD_MATCH = YES;
				CODE_SIGN_IDENTITY = "iPhone Developer";
				COPY_PHASE_STRIP = NO;
				DEBUG_INFORMATION_FORMAT = "dwarf-with-dsym";
				ENABLE_NS_ASSERTIONS = NO;
				ENABLE_STRICT_OBJC_MSGSEND = YES;
				GCC_C_LANGUAGE_STANDARD = gnu11;
				GCC_NO_COMMON_BLOCKS = YES;
				GCC_WARN_64_TO_32_BIT_CONVERSION = YES;
				GCC_WARN_ABOUT_RETURN_TYPE = YES_ERROR;
				GCC_WARN_UNDECLARED_SELECTOR = YES;
				GCC_WARN_UNINITIALIZED_AUTOS = YES_AGGRESSIVE;
				GCC_WARN_UNUSED_FUNCTION = YES;
				GCC_WARN_UNUSED_VARIABLE = YES;
				IPHONEOS_DEPLOYMENT_TARGET = 11.0;
				MTL_ENABLE_DEBUG_INFO = NO;
				SDKROOT = iphoneos;
				SWIFT_OPTIMIZATION_LEVEL = "-Owholemodule";
				VALIDATE_PRODUCT = YES;
			};
			name = Release;
		};
		213BA7DD1F9F891F005E2ABC /* Debug */ = {
			isa = XCBuildConfiguration;
			buildSettings = {
				ASSETCATALOG_COMPILER_APPICON_NAME = AppIcon;
				CODE_SIGN_STYLE = Automatic;
				DEVELOPMENT_TEAM = YN7RCMQVWP;
				INFOPLIST_FILE = PHSClubsApp/Info.plist;
				LD_RUNPATH_SEARCH_PATHS = "$(inherited) @executable_path/Frameworks";
				PRODUCT_BUNDLE_IDENTIFIER = PHS.PHSClubsApp;
				PRODUCT_NAME = "$(TARGET_NAME)";
				SWIFT_VERSION = 4.0;
				TARGETED_DEVICE_FAMILY = "1,2";
			};
			name = Debug;
		};
		213BA7DE1F9F891F005E2ABC /* Release */ = {
			isa = XCBuildConfiguration;
			buildSettings = {
				ASSETCATALOG_COMPILER_APPICON_NAME = AppIcon;
				CODE_SIGN_STYLE = Automatic;
				DEVELOPMENT_TEAM = YN7RCMQVWP;
				INFOPLIST_FILE = PHSClubsApp/Info.plist;
				LD_RUNPATH_SEARCH_PATHS = "$(inherited) @executable_path/Frameworks";
				PRODUCT_BUNDLE_IDENTIFIER = PHS.PHSClubsApp;
				PRODUCT_NAME = "$(TARGET_NAME)";
				SWIFT_VERSION = 4.0;
				TARGETED_DEVICE_FAMILY = "1,2";
			};
			name = Release;
		};
		213BA7E01F9F891F005E2ABC /* Debug */ = {
			isa = XCBuildConfiguration;
			buildSettings = {
				ALWAYS_EMBED_SWIFT_STANDARD_LIBRARIES = YES;
				BUNDLE_LOADER = "$(TEST_HOST)";
				CODE_SIGN_STYLE = Automatic;
				INFOPLIST_FILE = PHSClubsAppTests/Info.plist;
				LD_RUNPATH_SEARCH_PATHS = "$(inherited) @executable_path/Frameworks @loader_path/Frameworks";
				PRODUCT_BUNDLE_IDENTIFIER = PHS.PHSClubsAppTests;
				PRODUCT_NAME = "$(TARGET_NAME)";
				SWIFT_VERSION = 4.0;
				TARGETED_DEVICE_FAMILY = "1,2";
				TEST_HOST = "$(BUILT_PRODUCTS_DIR)/PHSClubsApp.app/PHSClubsApp";
			};
			name = Debug;
		};
		213BA7E11F9F891F005E2ABC /* Release */ = {
			isa = XCBuildConfiguration;
			buildSettings = {
				ALWAYS_EMBED_SWIFT_STANDARD_LIBRARIES = YES;
				BUNDLE_LOADER = "$(TEST_HOST)";
				CODE_SIGN_STYLE = Automatic;
				INFOPLIST_FILE = PHSClubsAppTests/Info.plist;
				LD_RUNPATH_SEARCH_PATHS = "$(inherited) @executable_path/Frameworks @loader_path/Frameworks";
				PRODUCT_BUNDLE_IDENTIFIER = PHS.PHSClubsAppTests;
				PRODUCT_NAME = "$(TARGET_NAME)";
				SWIFT_VERSION = 4.0;
				TARGETED_DEVICE_FAMILY = "1,2";
				TEST_HOST = "$(BUILT_PRODUCTS_DIR)/PHSClubsApp.app/PHSClubsApp";
			};
			name = Release;
		};
		213BA7E31F9F891F005E2ABC /* Debug */ = {
			isa = XCBuildConfiguration;
			buildSettings = {
				ALWAYS_EMBED_SWIFT_STANDARD_LIBRARIES = YES;
				CODE_SIGN_STYLE = Automatic;
				INFOPLIST_FILE = PHSClubsAppUITests/Info.plist;
				LD_RUNPATH_SEARCH_PATHS = "$(inherited) @executable_path/Frameworks @loader_path/Frameworks";
				PRODUCT_BUNDLE_IDENTIFIER = PHS.PHSClubsAppUITests;
				PRODUCT_NAME = "$(TARGET_NAME)";
				SWIFT_VERSION = 4.0;
				TARGETED_DEVICE_FAMILY = "1,2";
				TEST_TARGET_NAME = PHSClubsApp;
			};
			name = Debug;
		};
		213BA7E41F9F891F005E2ABC /* Release */ = {
			isa = XCBuildConfiguration;
			buildSettings = {
				ALWAYS_EMBED_SWIFT_STANDARD_LIBRARIES = YES;
				CODE_SIGN_STYLE = Automatic;
				INFOPLIST_FILE = PHSClubsAppUITests/Info.plist;
				LD_RUNPATH_SEARCH_PATHS = "$(inherited) @executable_path/Frameworks @loader_path/Frameworks";
				PRODUCT_BUNDLE_IDENTIFIER = PHS.PHSClubsAppUITests;
				PRODUCT_NAME = "$(TARGET_NAME)";
				SWIFT_VERSION = 4.0;
				TARGETED_DEVICE_FAMILY = "1,2";
				TEST_TARGET_NAME = PHSClubsApp;
			};
			name = Release;
		};
/* End XCBuildConfiguration section */

/* Begin XCConfigurationList section */
		213BA7AC1F9F891F005E2ABC /* Build configuration list for PBXProject "PHSClubsApp" */ = {
			isa = XCConfigurationList;
			buildConfigurations = (
				213BA7DA1F9F891F005E2ABC /* Debug */,
				213BA7DB1F9F891F005E2ABC /* Release */,
			);
			defaultConfigurationIsVisible = 0;
			defaultConfigurationName = Release;
		};
		213BA7DC1F9F891F005E2ABC /* Build configuration list for PBXNativeTarget "PHSClubsApp" */ = {
			isa = XCConfigurationList;
			buildConfigurations = (
				213BA7DD1F9F891F005E2ABC /* Debug */,
				213BA7DE1F9F891F005E2ABC /* Release */,
			);
			defaultConfigurationIsVisible = 0;
			defaultConfigurationName = Release;
		};
		213BA7DF1F9F891F005E2ABC /* Build configuration list for PBXNativeTarget "PHSClubsAppTests" */ = {
			isa = XCConfigurationList;
			buildConfigurations = (
				213BA7E01F9F891F005E2ABC /* Debug */,
				213BA7E11F9F891F005E2ABC /* Release */,
			);
			defaultConfigurationIsVisible = 0;
			defaultConfigurationName = Release;
		};
		213BA7E21F9F891F005E2ABC /* Build configuration list for PBXNativeTarget "PHSClubsAppUITests" */ = {
			isa = XCConfigurationList;
			buildConfigurations = (
				213BA7E31F9F891F005E2ABC /* Debug */,
				213BA7E41F9F891F005E2ABC /* Release */,
			);
			defaultConfigurationIsVisible = 0;
			defaultConfigurationName = Release;
		};
/* End XCConfigurationList section */

/* Begin XCVersionGroup section */
		213BA7BB1F9F891F005E2ABC /* PHSClubsApp.xcdatamodeld */ = {
			isa = XCVersionGroup;
			children = (
				213BA7BC1F9F891F005E2ABC /* PHSClubsApp.xcdatamodel */,
			);
			currentVersion = 213BA7BC1F9F891F005E2ABC /* PHSClubsApp.xcdatamodel */;
			path = PHSClubsApp.xcdatamodeld;
			sourceTree = "<group>";
			versionGroupType = wrapper.xcdatamodel;
		};
/* End XCVersionGroup section */
	};
	rootObject = 213BA7A91F9F891F005E2ABC /* Project object */;
}
